// !$*UTF8*$!
{
	archiveVersion = 1;
	classes = {
	};
	objectVersion = 50;
	objects = {

/* Begin PBXBuildFile section */
		AC19BAFB265F8ECC00030692 /* WeatherApiResponse.swift in Sources */ = {isa = PBXBuildFile; fileRef = AC19BAFA265F8ECC00030692 /* WeatherApiResponse.swift */; };
		AC19BB00265F90A400030692 /* WeatherApiFetcher.swift in Sources */ = {isa = PBXBuildFile; fileRef = AC19BAFF265F90A400030692 /* WeatherApiFetcher.swift */; };
		AC3AFA052643D5D100A20B61 /* WeatherAppApp.swift in Sources */ = {isa = PBXBuildFile; fileRef = AC3AFA042643D5D100A20B61 /* WeatherAppApp.swift */; };
		AC3AFA072643D5D100A20B61 /* ContentView.swift in Sources */ = {isa = PBXBuildFile; fileRef = AC3AFA062643D5D100A20B61 /* ContentView.swift */; };
		AC3AFA092643D5D400A20B61 /* Assets.xcassets in Resources */ = {isa = PBXBuildFile; fileRef = AC3AFA082643D5D400A20B61 /* Assets.xcassets */; };
		AC3AFA0C2643D5D400A20B61 /* Preview Assets.xcassets in Resources */ = {isa = PBXBuildFile; fileRef = AC3AFA0B2643D5D400A20B61 /* Preview Assets.xcassets */; };
		AC3AFA172643D5D400A20B61 /* WeatherAppTests.swift in Sources */ = {isa = PBXBuildFile; fileRef = AC3AFA162643D5D400A20B61 /* WeatherAppTests.swift */; };
		AC3AFA222643D5D500A20B61 /* WeatherAppUITests.swift in Sources */ = {isa = PBXBuildFile; fileRef = AC3AFA212643D5D500A20B61 /* WeatherAppUITests.swift */; };
		AC3AFA332643DBD900A20B61 /* WeatherModel.swift in Sources */ = {isa = PBXBuildFile; fileRef = AC3AFA322643DBD900A20B61 /* WeatherModel.swift */; };
		AC3AFA382643DCFB00A20B61 /* WeatherViewModel.swift in Sources */ = {isa = PBXBuildFile; fileRef = AC3AFA372643DCFB00A20B61 /* WeatherViewModel.swift */; };
		AC70DDED2662A21600DF4D8D /* CityApiFetcher.swift in Sources */ = {isa = PBXBuildFile; fileRef = AC70DDEC2662A21600DF4D8D /* CityApiFetcher.swift */; };
		AC70DDF22662A2B400DF4D8D /* CityApiResponse.swift in Sources */ = {isa = PBXBuildFile; fileRef = AC70DDF12662A2B400DF4D8D /* CityApiResponse.swift */; };
/* End PBXBuildFile section */

/* Begin PBXContainerItemProxy section */
		AC3AFA132643D5D400A20B61 /* PBXContainerItemProxy */ = {
			isa = PBXContainerItemProxy;
			containerPortal = AC3AF9F92643D5D100A20B61 /* Project object */;
			proxyType = 1;
			remoteGlobalIDString = AC3AFA002643D5D100A20B61;
			remoteInfo = WeatherApp;
		};
		AC3AFA1E2643D5D500A20B61 /* PBXContainerItemProxy */ = {
			isa = PBXContainerItemProxy;
			containerPortal = AC3AF9F92643D5D100A20B61 /* Project object */;
			proxyType = 1;
			remoteGlobalIDString = AC3AFA002643D5D100A20B61;
			remoteInfo = WeatherApp;
		};
/* End PBXContainerItemProxy section */

/* Begin PBXFileReference section */
		AC19BAFA265F8ECC00030692 /* WeatherApiResponse.swift */ = {isa = PBXFileReference; lastKnownFileType = sourcecode.swift; path = WeatherApiResponse.swift; sourceTree = "<group>"; };
		AC19BAFF265F90A400030692 /* WeatherApiFetcher.swift */ = {isa = PBXFileReference; lastKnownFileType = sourcecode.swift; path = WeatherApiFetcher.swift; sourceTree = "<group>"; };
		AC3AFA012643D5D100A20B61 /* WeatherApp.app */ = {isa = PBXFileReference; explicitFileType = wrapper.application; includeInIndex = 0; path = WeatherApp.app; sourceTree = BUILT_PRODUCTS_DIR; };
		AC3AFA042643D5D100A20B61 /* WeatherAppApp.swift */ = {isa = PBXFileReference; lastKnownFileType = sourcecode.swift; path = WeatherAppApp.swift; sourceTree = "<group>"; };
		AC3AFA062643D5D100A20B61 /* ContentView.swift */ = {isa = PBXFileReference; lastKnownFileType = sourcecode.swift; path = ContentView.swift; sourceTree = "<group>"; };
		AC3AFA082643D5D400A20B61 /* Assets.xcassets */ = {isa = PBXFileReference; lastKnownFileType = folder.assetcatalog; path = Assets.xcassets; sourceTree = "<group>"; };
		AC3AFA0B2643D5D400A20B61 /* Preview Assets.xcassets */ = {isa = PBXFileReference; lastKnownFileType = folder.assetcatalog; path = "Preview Assets.xcassets"; sourceTree = "<group>"; };
		AC3AFA0D2643D5D400A20B61 /* Info.plist */ = {isa = PBXFileReference; lastKnownFileType = text.plist.xml; path = Info.plist; sourceTree = "<group>"; };
		AC3AFA122643D5D400A20B61 /* WeatherAppTests.xctest */ = {isa = PBXFileReference; explicitFileType = wrapper.cfbundle; includeInIndex = 0; path = WeatherAppTests.xctest; sourceTree = BUILT_PRODUCTS_DIR; };
		AC3AFA162643D5D400A20B61 /* WeatherAppTests.swift */ = {isa = PBXFileReference; lastKnownFileType = sourcecode.swift; path = WeatherAppTests.swift; sourceTree = "<group>"; };
		AC3AFA182643D5D400A20B61 /* Info.plist */ = {isa = PBXFileReference; lastKnownFileType = text.plist.xml; path = Info.plist; sourceTree = "<group>"; };
		AC3AFA1D2643D5D500A20B61 /* WeatherAppUITests.xctest */ = {isa = PBXFileReference; explicitFileType = wrapper.cfbundle; includeInIndex = 0; path = WeatherAppUITests.xctest; sourceTree = BUILT_PRODUCTS_DIR; };
		AC3AFA212643D5D500A20B61 /* WeatherAppUITests.swift */ = {isa = PBXFileReference; lastKnownFileType = sourcecode.swift; path = WeatherAppUITests.swift; sourceTree = "<group>"; };
		AC3AFA232643D5D500A20B61 /* Info.plist */ = {isa = PBXFileReference; lastKnownFileType = text.plist.xml; path = Info.plist; sourceTree = "<group>"; };
		AC3AFA322643DBD900A20B61 /* WeatherModel.swift */ = {isa = PBXFileReference; lastKnownFileType = sourcecode.swift; path = WeatherModel.swift; sourceTree = "<group>"; };
		AC3AFA372643DCFB00A20B61 /* WeatherViewModel.swift */ = {isa = PBXFileReference; lastKnownFileType = sourcecode.swift; path = WeatherViewModel.swift; sourceTree = "<group>"; };
		AC70DDEC2662A21600DF4D8D /* CityApiFetcher.swift */ = {isa = PBXFileReference; lastKnownFileType = sourcecode.swift; path = CityApiFetcher.swift; sourceTree = "<group>"; };
		AC70DDF12662A2B400DF4D8D /* CityApiResponse.swift */ = {isa = PBXFileReference; lastKnownFileType = sourcecode.swift; path = CityApiResponse.swift; sourceTree = "<group>"; };
/* End PBXFileReference section */

/* Begin PBXFrameworksBuildPhase section */
		AC3AF9FE2643D5D100A20B61 /* Frameworks */ = {
			isa = PBXFrameworksBuildPhase;
			buildActionMask = 2147483647;
			files = (
			);
			runOnlyForDeploymentPostprocessing = 0;
		};
		AC3AFA0F2643D5D400A20B61 /* Frameworks */ = {
			isa = PBXFrameworksBuildPhase;
			buildActionMask = 2147483647;
			files = (
			);
			runOnlyForDeploymentPostprocessing = 0;
		};
		AC3AFA1A2643D5D500A20B61 /* Frameworks */ = {
			isa = PBXFrameworksBuildPhase;
			buildActionMask = 2147483647;
			files = (
			);
			runOnlyForDeploymentPostprocessing = 0;
		};
/* End PBXFrameworksBuildPhase section */

/* Begin PBXGroup section */
		AC3AF9F82643D5D100A20B61 = {
			isa = PBXGroup;
			children = (
				AC3AFA032643D5D100A20B61 /* WeatherApp */,
				AC3AFA152643D5D400A20B61 /* WeatherAppTests */,
				AC3AFA202643D5D500A20B61 /* WeatherAppUITests */,
				AC3AFA022643D5D100A20B61 /* Products */,
			);
			sourceTree = "<group>";
		};
		AC3AFA022643D5D100A20B61 /* Products */ = {
			isa = PBXGroup;
			children = (
				AC3AFA012643D5D100A20B61 /* WeatherApp.app */,
				AC3AFA122643D5D400A20B61 /* WeatherAppTests.xctest */,
				AC3AFA1D2643D5D500A20B61 /* WeatherAppUITests.xctest */,
			);
			name = Products;
			sourceTree = "<group>";
		};
		AC3AFA032643D5D100A20B61 /* WeatherApp */ = {
			isa = PBXGroup;
			children = (
				AC3AFA042643D5D100A20B61 /* WeatherAppApp.swift */,
				AC19BAFA265F8ECC00030692 /* WeatherApiResponse.swift */,
				AC19BAFF265F90A400030692 /* WeatherApiFetcher.swift */,
				AC70DDEC2662A21600DF4D8D /* CityApiFetcher.swift */,
				AC70DDF12662A2B400DF4D8D /* CityApiResponse.swift */,
				AC3AFA062643D5D100A20B61 /* ContentView.swift */,
				AC3AFA322643DBD900A20B61 /* WeatherModel.swift */,
				AC3AFA372643DCFB00A20B61 /* WeatherViewModel.swift */,
				AC3AFA082643D5D400A20B61 /* Assets.xcassets */,
				AC3AFA0D2643D5D400A20B61 /* Info.plist */,
				AC3AFA0A2643D5D400A20B61 /* Preview Content */,
			);
			path = WeatherApp;
			sourceTree = "<group>";
		};
		AC3AFA0A2643D5D400A20B61 /* Preview Content */ = {
			isa = PBXGroup;
			children = (
				AC3AFA0B2643D5D400A20B61 /* Preview Assets.xcassets */,
			);
			path = "Preview Content";
			sourceTree = "<group>";
		};
		AC3AFA152643D5D400A20B61 /* WeatherAppTests */ = {
			isa = PBXGroup;
			children = (
				AC3AFA162643D5D400A20B61 /* WeatherAppTests.swift */,
				AC3AFA182643D5D400A20B61 /* Info.plist */,
			);
			path = WeatherAppTests;
			sourceTree = "<group>";
		};
		AC3AFA202643D5D500A20B61 /* WeatherAppUITests */ = {
			isa = PBXGroup;
			children = (
				AC3AFA212643D5D500A20B61 /* WeatherAppUITests.swift */,
				AC3AFA232643D5D500A20B61 /* Info.plist */,
			);
			path = WeatherAppUITests;
			sourceTree = "<group>";
		};
/* End PBXGroup section */

/* Begin PBXNativeTarget section */
		AC3AFA002643D5D100A20B61 /* WeatherApp */ = {
			isa = PBXNativeTarget;
			buildConfigurationList = AC3AFA262643D5D500A20B61 /* Build configuration list for PBXNativeTarget "WeatherApp" */;
			buildPhases = (
				AC3AF9FD2643D5D100A20B61 /* Sources */,
				AC3AF9FE2643D5D100A20B61 /* Frameworks */,
				AC3AF9FF2643D5D100A20B61 /* Resources */,
			);
			buildRules = (
			);
			dependencies = (
			);
			name = WeatherApp;
			productName = WeatherApp;
			productReference = AC3AFA012643D5D100A20B61 /* WeatherApp.app */;
			productType = "com.apple.product-type.application";
		};
		AC3AFA112643D5D400A20B61 /* WeatherAppTests */ = {
			isa = PBXNativeTarget;
			buildConfigurationList = AC3AFA292643D5D500A20B61 /* Build configuration list for PBXNativeTarget "WeatherAppTests" */;
			buildPhases = (
				AC3AFA0E2643D5D400A20B61 /* Sources */,
				AC3AFA0F2643D5D400A20B61 /* Frameworks */,
				AC3AFA102643D5D400A20B61 /* Resources */,
			);
			buildRules = (
			);
			dependencies = (
				AC3AFA142643D5D400A20B61 /* PBXTargetDependency */,
			);
			name = WeatherAppTests;
			productName = WeatherAppTests;
			productReference = AC3AFA122643D5D400A20B61 /* WeatherAppTests.xctest */;
			productType = "com.apple.product-type.bundle.unit-test";
		};
		AC3AFA1C2643D5D500A20B61 /* WeatherAppUITests */ = {
			isa = PBXNativeTarget;
			buildConfigurationList = AC3AFA2C2643D5D500A20B61 /* Build configuration list for PBXNativeTarget "WeatherAppUITests" */;
			buildPhases = (
				AC3AFA192643D5D500A20B61 /* Sources */,
				AC3AFA1A2643D5D500A20B61 /* Frameworks */,
				AC3AFA1B2643D5D500A20B61 /* Resources */,
			);
			buildRules = (
			);
			dependencies = (
				AC3AFA1F2643D5D500A20B61 /* PBXTargetDependency */,
			);
			name = WeatherAppUITests;
			productName = WeatherAppUITests;
			productReference = AC3AFA1D2643D5D500A20B61 /* WeatherAppUITests.xctest */;
			productType = "com.apple.product-type.bundle.ui-testing";
		};
/* End PBXNativeTarget section */

/* Begin PBXProject section */
		AC3AF9F92643D5D100A20B61 /* Project object */ = {
			isa = PBXProject;
			attributes = {
				LastSwiftUpdateCheck = 1240;
				LastUpgradeCheck = 1240;
				TargetAttributes = {
					AC3AFA002643D5D100A20B61 = {
						CreatedOnToolsVersion = 12.4;
					};
					AC3AFA112643D5D400A20B61 = {
						CreatedOnToolsVersion = 12.4;
						TestTargetID = AC3AFA002643D5D100A20B61;
					};
					AC3AFA1C2643D5D500A20B61 = {
						CreatedOnToolsVersion = 12.4;
						TestTargetID = AC3AFA002643D5D100A20B61;
					};
				};
			};
			buildConfigurationList = AC3AF9FC2643D5D100A20B61 /* Build configuration list for PBXProject "WeatherApp" */;
			compatibilityVersion = "Xcode 9.3";
			developmentRegion = en;
			hasScannedForEncodings = 0;
			knownRegions = (
				en,
				Base,
			);
			mainGroup = AC3AF9F82643D5D100A20B61;
			productRefGroup = AC3AFA022643D5D100A20B61 /* Products */;
			projectDirPath = "";
			projectRoot = "";
			targets = (
				AC3AFA002643D5D100A20B61 /* WeatherApp */,
				AC3AFA112643D5D400A20B61 /* WeatherAppTests */,
				AC3AFA1C2643D5D500A20B61 /* WeatherAppUITests */,
			);
		};
/* End PBXProject section */

/* Begin PBXResourcesBuildPhase section */
		AC3AF9FF2643D5D100A20B61 /* Resources */ = {
			isa = PBXResourcesBuildPhase;
			buildActionMask = 2147483647;
			files = (
				AC3AFA0C2643D5D400A20B61 /* Preview Assets.xcassets in Resources */,
				AC3AFA092643D5D400A20B61 /* Assets.xcassets in Resources */,
			);
			runOnlyForDeploymentPostprocessing = 0;
		};
		AC3AFA102643D5D400A20B61 /* Resources */ = {
			isa = PBXResourcesBuildPhase;
			buildActionMask = 2147483647;
			files = (
			);
			runOnlyForDeploymentPostprocessing = 0;
		};
		AC3AFA1B2643D5D500A20B61 /* Resources */ = {
			isa = PBXResourcesBuildPhase;
			buildActionMask = 2147483647;
			files = (
			);
			runOnlyForDeploymentPostprocessing = 0;
		};
/* End PBXResourcesBuildPhase section */

/* Begin PBXSourcesBuildPhase section */
		AC3AF9FD2643D5D100A20B61 /* Sources */ = {
			isa = PBXSourcesBuildPhase;
			buildActionMask = 2147483647;
			files = (
				AC19BAFB265F8ECC00030692 /* WeatherApiResponse.swift in Sources */,
				AC3AFA072643D5D100A20B61 /* ContentView.swift in Sources */,
				AC70DDF22662A2B400DF4D8D /* CityApiResponse.swift in Sources */,
				AC3AFA382643DCFB00A20B61 /* WeatherViewModel.swift in Sources */,
				AC70DDED2662A21600DF4D8D /* CityApiFetcher.swift in Sources */,
				AC3AFA332643DBD900A20B61 /* WeatherModel.swift in Sources */,
				AC3AFA052643D5D100A20B61 /* WeatherAppApp.swift in Sources */,
				AC19BB00265F90A400030692 /* WeatherApiFetcher.swift in Sources */,
			);
			runOnlyForDeploymentPostprocessing = 0;
		};
		AC3AFA0E2643D5D400A20B61 /* Sources */ = {
			isa = PBXSourcesBuildPhase;
			buildActionMask = 2147483647;
			files = (
				AC3AFA172643D5D400A20B61 /* WeatherAppTests.swift in Sources */,
			);
			runOnlyForDeploymentPostprocessing = 0;
		};
		AC3AFA192643D5D500A20B61 /* Sources */ = {
			isa = PBXSourcesBuildPhase;
			buildActionMask = 2147483647;
			files = (
				AC3AFA222643D5D500A20B61 /* WeatherAppUITests.swift in Sources */,
			);
			runOnlyForDeploymentPostprocessing = 0;
		};
/* End PBXSourcesBuildPhase section */

/* Begin PBXTargetDependency section */
		AC3AFA142643D5D400A20B61 /* PBXTargetDependency */ = {
			isa = PBXTargetDependency;
			target = AC3AFA002643D5D100A20B61 /* WeatherApp */;
			targetProxy = AC3AFA132643D5D400A20B61 /* PBXContainerItemProxy */;
		};
		AC3AFA1F2643D5D500A20B61 /* PBXTargetDependency */ = {
			isa = PBXTargetDependency;
			target = AC3AFA002643D5D100A20B61 /* WeatherApp */;
			targetProxy = AC3AFA1E2643D5D500A20B61 /* PBXContainerItemProxy */;
		};
/* End PBXTargetDependency section */

/* Begin XCBuildConfiguration section */
		AC3AFA242643D5D500A20B61 /* Debug */ = {
			isa = XCBuildConfiguration;
			buildSettings = {
				ALWAYS_SEARCH_USER_PATHS = NO;
				CLANG_ANALYZER_NONNULL = YES;
				CLANG_ANALYZER_NUMBER_OBJECT_CONVERSION = YES_AGGRESSIVE;
				CLANG_CXX_LANGUAGE_STANDARD = "gnu++14";
				CLANG_CXX_LIBRARY = "libc++";
				CLANG_ENABLE_MODULES = YES;
				CLANG_ENABLE_OBJC_ARC = YES;
				CLANG_ENABLE_OBJC_WEAK = YES;
				CLANG_WARN_BLOCK_CAPTURE_AUTORELEASING = YES;
				CLANG_WARN_BOOL_CONVERSION = YES;
				CLANG_WARN_COMMA = YES;
				CLANG_WARN_CONSTANT_CONVERSION = YES;
				CLANG_WARN_DEPRECATED_OBJC_IMPLEMENTATIONS = YES;
				CLANG_WARN_DIRECT_OBJC_ISA_USAGE = YES_ERROR;
				CLANG_WARN_DOCUMENTATION_COMMENTS = YES;
				CLANG_WARN_EMPTY_BODY = YES;
				CLANG_WARN_ENUM_CONVERSION = YES;
				CLANG_WARN_INFINITE_RECURSION = YES;
				CLANG_WARN_INT_CONVERSION = YES;
				CLANG_WARN_NON_LITERAL_NULL_CONVERSION = YES;
				CLANG_WARN_OBJC_IMPLICIT_RETAIN_SELF = YES;
				CLANG_WARN_OBJC_LITERAL_CONVERSION = YES;
				CLANG_WARN_OBJC_ROOT_CLASS = YES_ERROR;
				CLANG_WARN_QUOTED_INCLUDE_IN_FRAMEWORK_HEADER = YES;
				CLANG_WARN_RANGE_LOOP_ANALYSIS = YES;
				CLANG_WARN_STRICT_PROTOTYPES = YES;
				CLANG_WARN_SUSPICIOUS_MOVE = YES;
				CLANG_WARN_UNGUARDED_AVAILABILITY = YES_AGGRESSIVE;
				CLANG_WARN_UNREACHABLE_CODE = YES;
				CLANG_WARN__DUPLICATE_METHOD_MATCH = YES;
				COPY_PHASE_STRIP = NO;
				DEBUG_INFORMATION_FORMAT = dwarf;
				ENABLE_STRICT_OBJC_MSGSEND = YES;
				ENABLE_TESTABILITY = YES;
				GCC_C_LANGUAGE_STANDARD = gnu11;
				GCC_DYNAMIC_NO_PIC = NO;
				GCC_NO_COMMON_BLOCKS = YES;
				GCC_OPTIMIZATION_LEVEL = 0;
				GCC_PREPROCESSOR_DEFINITIONS = (
					"DEBUG=1",
					"$(inherited)",
				);
				GCC_WARN_64_TO_32_BIT_CONVERSION = YES;
				GCC_WARN_ABOUT_RETURN_TYPE = YES_ERROR;
				GCC_WARN_UNDECLARED_SELECTOR = YES;
				GCC_WARN_UNINITIALIZED_AUTOS = YES_AGGRESSIVE;
				GCC_WARN_UNUSED_FUNCTION = YES;
				GCC_WARN_UNUSED_VARIABLE = YES;
				IPHONEOS_DEPLOYMENT_TARGET = 14.4;
				MTL_ENABLE_DEBUG_INFO = INCLUDE_SOURCE;
				MTL_FAST_MATH = YES;
				ONLY_ACTIVE_ARCH = YES;
				SDKROOT = iphoneos;
				SWIFT_ACTIVE_COMPILATION_CONDITIONS = DEBUG;
				SWIFT_OPTIMIZATION_LEVEL = "-Onone";
			};
			name = Debug;
		};
		AC3AFA252643D5D500A20B61 /* Release */ = {
			isa = XCBuildConfiguration;
			buildSettings = {
				ALWAYS_SEARCH_USER_PATHS = NO;
				CLANG_ANALYZER_NONNULL = YES;
				CLANG_ANALYZER_NUMBER_OBJECT_CONVERSION = YES_AGGRESSIVE;
				CLANG_CXX_LANGUAGE_STANDARD = "gnu++14";
				CLANG_CXX_LIBRARY = "libc++";
				CLANG_ENABLE_MODULES = YES;
				CLANG_ENABLE_OBJC_ARC = YES;
				CLANG_ENABLE_OBJC_WEAK = YES;
				CLANG_WARN_BLOCK_CAPTURE_AUTORELEASING = YES;
				CLANG_WARN_BOOL_CONVERSION = YES;
				CLANG_WARN_COMMA = YES;
				CLANG_WARN_CONSTANT_CONVERSION = YES;
				CLANG_WARN_DEPRECATED_OBJC_IMPLEMENTATIONS = YES;
				CLANG_WARN_DIRECT_OBJC_ISA_USAGE = YES_ERROR;
				CLANG_WARN_DOCUMENTATION_COMMENTS = YES;
				CLANG_WARN_EMPTY_BODY = YES;
				CLANG_WARN_ENUM_CONVERSION = YES;
				CLANG_WARN_INFINITE_RECURSION = YES;
				CLANG_WARN_INT_CONVERSION = YES;
				CLANG_WARN_NON_LITERAL_NULL_CONVERSION = YES;
				CLANG_WARN_OBJC_IMPLICIT_RETAIN_SELF = YES;
				CLANG_WARN_OBJC_LITERAL_CONVERSION = YES;
				CLANG_WARN_OBJC_ROOT_CLASS = YES_ERROR;
				CLANG_WARN_QUOTED_INCLUDE_IN_FRAMEWORK_HEADER = YES;
				CLANG_WARN_RANGE_LOOP_ANALYSIS = YES;
				CLANG_WARN_STRICT_PROTOTYPES = YES;
				CLANG_WARN_SUSPICIOUS_MOVE = YES;
				CLANG_WARN_UNGUARDED_AVAILABILITY = YES_AGGRESSIVE;
				CLANG_WARN_UNREACHABLE_CODE = YES;
				CLANG_WARN__DUPLICATE_METHOD_MATCH = YES;
				COPY_PHASE_STRIP = NO;
				DEBUG_INFORMATION_FORMAT = "dwarf-with-dsym";
				ENABLE_NS_ASSERTIONS = NO;
				ENABLE_STRICT_OBJC_MSGSEND = YES;
				GCC_C_LANGUAGE_STANDARD = gnu11;
				GCC_NO_COMMON_BLOCKS = YES;
				GCC_WARN_64_TO_32_BIT_CONVERSION = YES;
				GCC_WARN_ABOUT_RETURN_TYPE = YES_ERROR;
				GCC_WARN_UNDECLARED_SELECTOR = YES;
				GCC_WARN_UNINITIALIZED_AUTOS = YES_AGGRESSIVE;
				GCC_WARN_UNUSED_FUNCTION = YES;
				GCC_WARN_UNUSED_VARIABLE = YES;
				IPHONEOS_DEPLOYMENT_TARGET = 14.4;
				MTL_ENABLE_DEBUG_INFO = NO;
				MTL_FAST_MATH = YES;
				SDKROOT = iphoneos;
				SWIFT_COMPILATION_MODE = wholemodule;
				SWIFT_OPTIMIZATION_LEVEL = "-O";
				VALIDATE_PRODUCT = YES;
			};
			name = Release;
		};
		AC3AFA272643D5D500A20B61 /* Debug */ = {
			isa = XCBuildConfiguration;
			buildSettings = {
				ASSETCATALOG_COMPILER_APPICON_NAME = AppIcon;
				ASSETCATALOG_COMPILER_GLOBAL_ACCENT_COLOR_NAME = AccentColor;
				CODE_SIGN_STYLE = Automatic;
				DEVELOPMENT_ASSET_PATHS = "\"WeatherApp/Preview Content\"";
				ENABLE_PREVIEWS = YES;
				INFOPLIST_FILE = WeatherApp/Info.plist;
				IPHONEOS_DEPLOYMENT_TARGET = 14.0;
				LD_RUNPATH_SEARCH_PATHS = (
					"$(inherited)",
					"@executable_path/Frameworks",
				);
				PRODUCT_BUNDLE_IDENTIFIER = pl.agh.edu.kis.WeatherApp;
				PRODUCT_NAME = "$(TARGET_NAME)";
				SWIFT_VERSION = 5.0;
				TARGETED_DEVICE_FAMILY = "1,2";
			};
			name = Debug;
		};
		AC3AFA282643D5D500A20B61 /* Release */ = {
			isa = XCBuildConfiguration;
			buildSettings = {
				ASSETCATALOG_COMPILER_APPICON_NAME = AppIcon;
				ASSETCATALOG_COMPILER_GLOBAL_ACCENT_COLOR_NAME = AccentColor;
				CODE_SIGN_STYLE = Automatic;
				DEVELOPMENT_ASSET_PATHS = "\"WeatherApp/Preview Content\"";
				ENABLE_PREVIEWS = YES;
				INFOPLIST_FILE = WeatherApp/Info.plist;
				IPHONEOS_DEPLOYMENT_TARGET = 14.0;
				LD_RUNPATH_SEARCH_PATHS = (
					"$(inherited)",
					"@executable_path/Frameworks",
				);
				PRODUCT_BUNDLE_IDENTIFIER = pl.agh.edu.kis.WeatherApp;
				PRODUCT_NAME = "$(TARGET_NAME)";
				SWIFT_VERSION = 5.0;
				TARGETED_DEVICE_FAMILY = "1,2";
			};
			name = Release;
		};
		AC3AFA2A2643D5D500A20B61 /* Debug */ = {
			isa = XCBuildConfiguration;
			buildSettings = {
				ALWAYS_EMBED_SWIFT_STANDARD_LIBRARIES = YES;
				BUNDLE_LOADER = "$(TEST_HOST)";
				CODE_SIGN_STYLE = Automatic;
				INFOPLIST_FILE = WeatherAppTests/Info.plist;
				IPHONEOS_DEPLOYMENT_TARGET = 14.0;
				LD_RUNPATH_SEARCH_PATHS = (
					"$(inherited)",
					"@executable_path/Frameworks",
					"@loader_path/Frameworks",
				);
				PRODUCT_BUNDLE_IDENTIFIER = pl.agh.edu.kis.WeatherAppTests;
				PRODUCT_NAME = "$(TARGET_NAME)";
				SWIFT_VERSION = 5.0;
				TARGETED_DEVICE_FAMILY = "1,2";
				TEST_HOST = "$(BUILT_PRODUCTS_DIR)/WeatherApp.app/WeatherApp";
			};
			name = Debug;
		};
		AC3AFA2B2643D5D500A20B61 /* Release */ = {
			isa = XCBuildConfiguration;
			buildSettings = {
				ALWAYS_EMBED_SWIFT_STANDARD_LIBRARIES = YES;
				BUNDLE_LOADER = "$(TEST_HOST)";
				CODE_SIGN_STYLE = Automatic;
				INFOPLIST_FILE = WeatherAppTests/Info.plist;
				IPHONEOS_DEPLOYMENT_TARGET = 14.0;
				LD_RUNPATH_SEARCH_PATHS = (
					"$(inherited)",
					"@executable_path/Frameworks",
					"@loader_path/Frameworks",
				);
				PRODUCT_BUNDLE_IDENTIFIER = pl.agh.edu.kis.WeatherAppTests;
				PRODUCT_NAME = "$(TARGET_NAME)";
				SWIFT_VERSION = 5.0;
				TARGETED_DEVICE_FAMILY = "1,2";
				TEST_HOST = "$(BUILT_PRODUCTS_DIR)/WeatherApp.app/WeatherApp";
			};
			name = Release;
		};
		AC3AFA2D2643D5D500A20B61 /* Debug */ = {
			isa = XCBuildConfiguration;
			buildSettings = {
				ALWAYS_EMBED_SWIFT_STANDARD_LIBRARIES = YES;
				CODE_SIGN_STYLE = Automatic;
				INFOPLIST_FILE = WeatherAppUITests/Info.plist;
				LD_RUNPATH_SEARCH_PATHS = (
					"$(inherited)",
					"@executable_path/Frameworks",
					"@loader_path/Frameworks",
				);
				PRODUCT_BUNDLE_IDENTIFIER = pl.agh.edu.kis.WeatherAppUITests;
				PRODUCT_NAME = "$(TARGET_NAME)";
				SWIFT_VERSION = 5.0;
				TARGETED_DEVICE_FAMILY = "1,2";
				TEST_TARGET_NAME = WeatherApp;
			};
			name = Debug;
		};
		AC3AFA2E2643D5D500A20B61 /* Release */ = {
			isa = XCBuildConfiguration;
			buildSettings = {
				ALWAYS_EMBED_SWIFT_STANDARD_LIBRARIES = YES;
				CODE_SIGN_STYLE = Automatic;
				INFOPLIST_FILE = WeatherAppUITests/Info.plist;
				LD_RUNPATH_SEARCH_PATHS = (
					"$(inherited)",
					"@executable_path/Frameworks",
					"@loader_path/Frameworks",
				);
				PRODUCT_BUNDLE_IDENTIFIER = pl.agh.edu.kis.WeatherAppUITests;
				PRODUCT_NAME = "$(TARGET_NAME)";
				SWIFT_VERSION = 5.0;
				TARGETED_DEVICE_FAMILY = "1,2";
				TEST_TARGET_NAME = WeatherApp;
			};
			name = Release;
		};
/* End XCBuildConfiguration section */

/* Begin XCConfigurationList section */
		AC3AF9FC2643D5D100A20B61 /* Build configuration list for PBXProject "WeatherApp" */ = {
			isa = XCConfigurationList;
			buildConfigurations = (
				AC3AFA242643D5D500A20B61 /* Debug */,
				AC3AFA252643D5D500A20B61 /* Release */,
			);
			defaultConfigurationIsVisible = 0;
			defaultConfigurationName = Release;
		};
		AC3AFA262643D5D500A20B61 /* Build configuration list for PBXNativeTarget "WeatherApp" */ = {
			isa = XCConfigurationList;
			buildConfigurations = (
				AC3AFA272643D5D500A20B61 /* Debug */,
				AC3AFA282643D5D500A20B61 /* Release */,
			);
			defaultConfigurationIsVisible = 0;
			defaultConfigurationName = Release;
		};
		AC3AFA292643D5D500A20B61 /* Build configuration list for PBXNativeTarget "WeatherAppTests" */ = {
			isa = XCConfigurationList;
			buildConfigurations = (
				AC3AFA2A2643D5D500A20B61 /* Debug */,
				AC3AFA2B2643D5D500A20B61 /* Release */,
			);
			defaultConfigurationIsVisible = 0;
			defaultConfigurationName = Release;
		};
		AC3AFA2C2643D5D500A20B61 /* Build configuration list for PBXNativeTarget "WeatherAppUITests" */ = {
			isa = XCConfigurationList;
			buildConfigurations = (
				AC3AFA2D2643D5D500A20B61 /* Debug */,
				AC3AFA2E2643D5D500A20B61 /* Release */,
			);
			defaultConfigurationIsVisible = 0;
			defaultConfigurationName = Release;
		};
/* End XCConfigurationList section */
	};
	rootObject = AC3AF9F92643D5D100A20B61 /* Project object */;
}
